
Microsoft Visual Studio Solution File, Format Version 12.00
# Visual Studio Version 17
VisualStudioVersion = 17.2.32630.192
MinimumVisualStudioVersion = 10.0.40219.1
Project("{FAE04EC0-301F-11D3-BF4B-00C04F79EFBC}") = "AuthMicroservice", "AuthMicroservice\AuthMicroservice.csproj", "{A68E3470-DFB8-4C95-80F0-9FEBE29ED600}"
EndProject
Project("{FAE04EC0-301F-11D3-BF4B-00C04F79EFBC}") = "AuthTesting", "AuthTesting\AuthTesting.csproj", "{3622D0CB-539C-4A6D-A0EC-BB91F7DD4B99}"
EndProject
Global
	GlobalSection(SolutionConfigurationPlatforms) = preSolution
		Debug|Any CPU = Debug|Any CPU
		Release|Any CPU = Release|Any CPU
	EndGlobalSection
	GlobalSection(ProjectConfigurationPlatforms) = postSolution
		{A68E3470-DFB8-4C95-80F0-9FEBE29ED600}.Debug|Any CPU.ActiveCfg = Debug|Any CPU
		{A68E3470-DFB8-4C95-80F0-9FEBE29ED600}.Debug|Any CPU.Build.0 = Debug|Any CPU
		{A68E3470-DFB8-4C95-80F0-9FEBE29ED600}.Release|Any CPU.ActiveCfg = Release|Any CPU
		{A68E3470-DFB8-4C95-80F0-9FEBE29ED600}.Release|Any CPU.Build.0 = Release|Any CPU
		{3622D0CB-539C-4A6D-A0EC-BB91F7DD4B99}.Debug|Any CPU.ActiveCfg = Debug|Any CPU
		{3622D0CB-539C-4A6D-A0EC-BB91F7DD4B99}.Debug|Any CPU.Build.0 = Debug|Any CPU
		{3622D0CB-539C-4A6D-A0EC-BB91F7DD4B99}.Release|Any CPU.ActiveCfg = Release|Any CPU
		{3622D0CB-539C-4A6D-A0EC-BB91F7DD4B99}.Release|Any CPU.Build.0 = Release|Any CPU
	EndGlobalSection
	GlobalSection(SolutionProperties) = preSolution
		HideSolutionNode = FALSE
	EndGlobalSection
	GlobalSection(ExtensibilityGlobals) = postSolution
		SolutionGuid = {08E7F30B-84EF-4926-BFA9-C223DE475CD3}
	EndGlobalSection
EndGlobal
