
Microsoft Visual Studio Solution File, Format Version 12.00
# Visual Studio Version 17
VisualStudioVersion = 17.2.32630.192
MinimumVisualStudioVersion = 10.0.40219.1
Project("{9A19103F-16F7-4668-BE54-9A1E7A4F7556}") = "AuthMicroservice", "AuthMicroservice\AuthMicroservice.csproj", "{A68E3470-DFB8-4C95-80F0-9FEBE29ED600}"
EndProject
Project("{9A19103F-16F7-4668-BE54-9A1E7A4F7556}") = "AuthTesting", "AuthTesting\AuthTesting.csproj", "{3622D0CB-539C-4A6D-A0EC-BB91F7DD4B99}"
EndProject
Project("{9A19103F-16F7-4668-BE54-9A1E7A4F7556}") = "CalculateCartMicroservice", "..\CalculateCartMicroservice\CalculateCartMicroservice\CalculateCartMicroservice.csproj", "{483B7C6F-2797-47CE-B2DA-C1F1AF27B6C6}"
EndProject
Project("{9A19103F-16F7-4668-BE54-9A1E7A4F7556}") = "FoodPrice", "..\FoodPrice\FoodPrice\FoodPrice.csproj", "{0AFDBBF5-C60A-49EE-B0E2-92A541F052B5}"
EndProject
Global
	GlobalSection(SolutionConfigurationPlatforms) = preSolution
		Debug|Any CPU = Debug|Any CPU
		Release|Any CPU = Release|Any CPU
	EndGlobalSection
	GlobalSection(ProjectConfigurationPlatforms) = postSolution
		{A68E3470-DFB8-4C95-80F0-9FEBE29ED600}.Debug|Any CPU.ActiveCfg = Debug|Any CPU
		{A68E3470-DFB8-4C95-80F0-9FEBE29ED600}.Debug|Any CPU.Build.0 = Debug|Any CPU
		{A68E3470-DFB8-4C95-80F0-9FEBE29ED600}.Release|Any CPU.ActiveCfg = Release|Any CPU
		{A68E3470-DFB8-4C95-80F0-9FEBE29ED600}.Release|Any CPU.Build.0 = Release|Any CPU
		{3622D0CB-539C-4A6D-A0EC-BB91F7DD4B99}.Debug|Any CPU.ActiveCfg = Debug|Any CPU
		{3622D0CB-539C-4A6D-A0EC-BB91F7DD4B99}.Debug|Any CPU.Build.0 = Debug|Any CPU
		{3622D0CB-539C-4A6D-A0EC-BB91F7DD4B99}.Release|Any CPU.ActiveCfg = Release|Any CPU
		{3622D0CB-539C-4A6D-A0EC-BB91F7DD4B99}.Release|Any CPU.Build.0 = Release|Any CPU
		{483B7C6F-2797-47CE-B2DA-C1F1AF27B6C6}.Debug|Any CPU.ActiveCfg = Debug|Any CPU
		{483B7C6F-2797-47CE-B2DA-C1F1AF27B6C6}.Debug|Any CPU.Build.0 = Debug|Any CPU
		{483B7C6F-2797-47CE-B2DA-C1F1AF27B6C6}.Release|Any CPU.ActiveCfg = Release|Any CPU
		{483B7C6F-2797-47CE-B2DA-C1F1AF27B6C6}.Release|Any CPU.Build.0 = Release|Any CPU
		{0AFDBBF5-C60A-49EE-B0E2-92A541F052B5}.Debug|Any CPU.ActiveCfg = Debug|Any CPU
		{0AFDBBF5-C60A-49EE-B0E2-92A541F052B5}.Debug|Any CPU.Build.0 = Debug|Any CPU
		{0AFDBBF5-C60A-49EE-B0E2-92A541F052B5}.Release|Any CPU.ActiveCfg = Release|Any CPU
		{0AFDBBF5-C60A-49EE-B0E2-92A541F052B5}.Release|Any CPU.Build.0 = Release|Any CPU
	EndGlobalSection
	GlobalSection(SolutionProperties) = preSolution
		HideSolutionNode = FALSE
	EndGlobalSection
	GlobalSection(ExtensibilityGlobals) = postSolution
		SolutionGuid = {08E7F30B-84EF-4926-BFA9-C223DE475CD3}
	EndGlobalSection
EndGlobal
